// !$*UTF8*$!
{
	archiveVersion = 1;
	classes = {
	};
	objectVersion = 51;
	objects = {

/* Begin PBXBuildFile section */
		0AD3D0A852987148D90F2292 /* Pods_TargetActionDemo.framework in Frameworks */ = {isa = PBXBuildFile; fileRef = 8ED011A835AC66ED71C7604E /* Pods_TargetActionDemo.framework */; };
		4B2100B7246A7DF900596B99 /* LXETestController.m in Sources */ = {isa = PBXBuildFile; fileRef = 4B2100B6246A7DF900596B99 /* LXETestController.m */; };
		4B2100BA246A8C3600596B99 /* LSLBacktraceLogger.m in Sources */ = {isa = PBXBuildFile; fileRef = 4B2100B9246A8C3600596B99 /* LSLBacktraceLogger.m */; };
		4B2100C2246AC04500596B99 /* TargetActionDemo1Tests.m in Sources */ = {isa = PBXBuildFile; fileRef = 4B2100C1246AC04500596B99 /* TargetActionDemo1Tests.m */; };
		4B2100CB246B890500596B99 /* LXXCTestExample.m in Sources */ = {isa = PBXBuildFile; fileRef = 4B2100CA246B890500596B99 /* LXXCTestExample.m */; };
		4B2361FA23C6FE7B00F7D04C /* LXHttpDefaultHeader.m in Sources */ = {isa = PBXBuildFile; fileRef = 4B2361F923C6FE7B00F7D04C /* LXHttpDefaultHeader.m */; };
		4B2361FD23C70A6E00F7D04C /* LXHttpConfigureManager.m in Sources */ = {isa = PBXBuildFile; fileRef = 4B2361FC23C70A6E00F7D04C /* LXHttpConfigureManager.m */; };
		4B23620023C74E3700F7D04C /* LXHttpCacheTool.m in Sources */ = {isa = PBXBuildFile; fileRef = 4B2361FF23C74E3700F7D04C /* LXHttpCacheTool.m */; };
		4B32012523C84E2700C44E44 /* LXHttpTaskPool.m in Sources */ = {isa = PBXBuildFile; fileRef = 4B32012423C84E2700C44E44 /* LXHttpTaskPool.m */; };
		4B44D28D23960D3000748BFC /* AppDelegate+RootVc.m in Sources */ = {isa = PBXBuildFile; fileRef = 4B44D28C23960D3000748BFC /* AppDelegate+RootVc.m */; };
		4B44D29123960F7C00748BFC /* AppDelegate+ThirdSDK.m in Sources */ = {isa = PBXBuildFile; fileRef = 4B44D29023960F7C00748BFC /* AppDelegate+ThirdSDK.m */; };
		4B44D2952396108D00748BFC /* LXAppearance.m in Sources */ = {isa = PBXBuildFile; fileRef = 4B44D2942396108D00748BFC /* LXAppearance.m */; };
		4B4EE77C2453E06000A22E25 /* UIView+LXNetwork.m in Sources */ = {isa = PBXBuildFile; fileRef = 4B4EE7782453E06000A22E25 /* UIView+LXNetwork.m */; };
		4B4EE77D2453E06000A22E25 /* LXAgencyObserver.m in Sources */ = {isa = PBXBuildFile; fileRef = 4B4EE77A2453E06000A22E25 /* LXAgencyObserver.m */; };
		4B6E265623CC0A9A00091815 /* LXHttpBLLHandler.m in Sources */ = {isa = PBXBuildFile; fileRef = 4B6E265523CC0A9A00091815 /* LXHttpBLLHandler.m */; };
		4B9FF88722C73A0500905548 /* AppDelegate.m in Sources */ = {isa = PBXBuildFile; fileRef = 4B9FF88622C73A0500905548 /* AppDelegate.m */; };
		4B9FF88F22C73A0700905548 /* Assets.xcassets in Resources */ = {isa = PBXBuildFile; fileRef = 4B9FF88E22C73A0700905548 /* Assets.xcassets */; };
		4B9FF89222C73A0700905548 /* LaunchScreen.storyboard in Resources */ = {isa = PBXBuildFile; fileRef = 4B9FF89022C73A0700905548 /* LaunchScreen.storyboard */; };
		4B9FF89522C73A0700905548 /* main.m in Sources */ = {isa = PBXBuildFile; fileRef = 4B9FF89422C73A0700905548 /* main.m */; };
		4B9FF89F22C73A0700905548 /* TargetActionDemoTests.m in Sources */ = {isa = PBXBuildFile; fileRef = 4B9FF89E22C73A0700905548 /* TargetActionDemoTests.m */; };
		4B9FF8AA22C73A0700905548 /* TargetActionDemoUITests.m in Sources */ = {isa = PBXBuildFile; fileRef = 4B9FF8A922C73A0700905548 /* TargetActionDemoUITests.m */; };
		4B9FF8B922C73AD500905548 /* LXTabBarController.m in Sources */ = {isa = PBXBuildFile; fileRef = 4B9FF8B822C73AD500905548 /* LXTabBarController.m */; };
		4B9FF8C122C73D6E00905548 /* LXNavigationController.m in Sources */ = {isa = PBXBuildFile; fileRef = 4B9FF8C022C73D6E00905548 /* LXNavigationController.m */; };
		4B9FF8D222C7421C00905548 /* LXMediator.m in Sources */ = {isa = PBXBuildFile; fileRef = 4B9FF8D122C7421C00905548 /* LXMediator.m */; };
		4B9FF8D622C7429A00905548 /* Target_ModuleA.m in Sources */ = {isa = PBXBuildFile; fileRef = 4B9FF8D522C7429A00905548 /* Target_ModuleA.m */; };
		4B9FF8DA22C742DE00905548 /* Target_ModuleB.m in Sources */ = {isa = PBXBuildFile; fileRef = 4B9FF8D922C742DE00905548 /* Target_ModuleB.m */; };
		4B9FF8DF22C7486300905548 /* Target_ModuleC.m in Sources */ = {isa = PBXBuildFile; fileRef = 4B9FF8DE22C7486300905548 /* Target_ModuleC.m */; };
		4B9FF8E322C7487E00905548 /* Target_ModuleD.m in Sources */ = {isa = PBXBuildFile; fileRef = 4B9FF8E222C7487E00905548 /* Target_ModuleD.m */; };
		4B9FF8E722C7489600905548 /* Target_ModuleE.m in Sources */ = {isa = PBXBuildFile; fileRef = 4B9FF8E622C7489600905548 /* Target_ModuleE.m */; };
		4B9FF8EA22C7496B00905548 /* LXAHomeController.m in Sources */ = {isa = PBXBuildFile; fileRef = 4B9FF8E922C7496B00905548 /* LXAHomeController.m */; };
		4B9FF8ED22C7498000905548 /* LXBHomeController.m in Sources */ = {isa = PBXBuildFile; fileRef = 4B9FF8EC22C7498000905548 /* LXBHomeController.m */; };
		4B9FF8F022C7498E00905548 /* LXCHomeController.m in Sources */ = {isa = PBXBuildFile; fileRef = 4B9FF8EF22C7498E00905548 /* LXCHomeController.m */; };
		4B9FF8F322C7499B00905548 /* LXDHomeController.m in Sources */ = {isa = PBXBuildFile; fileRef = 4B9FF8F222C7499B00905548 /* LXDHomeController.m */; };
		4B9FF8F622C749DC00905548 /* LXEHomeController.m in Sources */ = {isa = PBXBuildFile; fileRef = 4B9FF8F522C749DC00905548 /* LXEHomeController.m */; };
		4B9FF90122C74FBE00905548 /* CALayer+LX.m in Sources */ = {isa = PBXBuildFile; fileRef = 4B9FF8F922C74FBD00905548 /* CALayer+LX.m */; };
		4B9FF90222C74FBE00905548 /* NSArray+LX.m in Sources */ = {isa = PBXBuildFile; fileRef = 4B9FF8FB22C74FBD00905548 /* NSArray+LX.m */; };
		4B9FF90322C74FBE00905548 /* UIView+LX.m in Sources */ = {isa = PBXBuildFile; fileRef = 4B9FF8FE22C74FBE00905548 /* UIView+LX.m */; };
		4B9FF90422C74FBE00905548 /* NSDictionary+LX.m in Sources */ = {isa = PBXBuildFile; fileRef = 4B9FF90022C74FBE00905548 /* NSDictionary+LX.m */; };
		4BB5967323C57EBD0026FC51 /* LXHttpSessionTask.m in Sources */ = {isa = PBXBuildFile; fileRef = 4BB5967223C57EBD0026FC51 /* LXHttpSessionTask.m */; };
		64EA3E06AB008C459053A1C2 /* Pods_TargetActionDemoTests.framework in Frameworks */ = {isa = PBXBuildFile; fileRef = 0AA1AB6F9A0043FF09AFE544 /* Pods_TargetActionDemoTests.framework */; };
/* End PBXBuildFile section */

/* Begin PBXContainerItemProxy section */
		4B2100C4246AC04500596B99 /* PBXContainerItemProxy */ = {
			isa = PBXContainerItemProxy;
			containerPortal = 4B9FF87A22C73A0500905548 /* Project object */;
			proxyType = 1;
			remoteGlobalIDString = 4B9FF88122C73A0500905548;
			remoteInfo = TargetActionDemo;
		};
		4B9FF89B22C73A0700905548 /* PBXContainerItemProxy */ = {
			isa = PBXContainerItemProxy;
			containerPortal = 4B9FF87A22C73A0500905548 /* Project object */;
			proxyType = 1;
			remoteGlobalIDString = 4B9FF88122C73A0500905548;
			remoteInfo = TargetActionDemo;
		};
		4B9FF8A622C73A0700905548 /* PBXContainerItemProxy */ = {
			isa = PBXContainerItemProxy;
			containerPortal = 4B9FF87A22C73A0500905548 /* Project object */;
			proxyType = 1;
			remoteGlobalIDString = 4B9FF88122C73A0500905548;
			remoteInfo = TargetActionDemo;
		};
/* End PBXContainerItemProxy section */

/* Begin PBXFileReference section */
		0AA1AB6F9A0043FF09AFE544 /* Pods_TargetActionDemoTests.framework */ = {isa = PBXFileReference; explicitFileType = wrapper.framework; includeInIndex = 0; path = Pods_TargetActionDemoTests.framework; sourceTree = BUILT_PRODUCTS_DIR; };
		11FF751815B96EA462A8062C /* Pods-TargetActionDemo.debug.xcconfig */ = {isa = PBXFileReference; includeInIndex = 1; lastKnownFileType = text.xcconfig; name = "Pods-TargetActionDemo.debug.xcconfig"; path = "Target Support Files/Pods-TargetActionDemo/Pods-TargetActionDemo.debug.xcconfig"; sourceTree = "<group>"; };
		4B2100B5246A7DF900596B99 /* LXETestController.h */ = {isa = PBXFileReference; lastKnownFileType = sourcecode.c.h; path = LXETestController.h; sourceTree = "<group>"; };
		4B2100B6246A7DF900596B99 /* LXETestController.m */ = {isa = PBXFileReference; lastKnownFileType = sourcecode.c.objc; path = LXETestController.m; sourceTree = "<group>"; };
		4B2100B8246A8C3600596B99 /* LSLBacktraceLogger.h */ = {isa = PBXFileReference; fileEncoding = 4; lastKnownFileType = sourcecode.c.h; path = LSLBacktraceLogger.h; sourceTree = "<group>"; };
		4B2100B9246A8C3600596B99 /* LSLBacktraceLogger.m */ = {isa = PBXFileReference; fileEncoding = 4; lastKnownFileType = sourcecode.c.objc; path = LSLBacktraceLogger.m; sourceTree = "<group>"; };
		4B2100BF246AC04500596B99 /* TargetActionDemo1Tests.xctest */ = {isa = PBXFileReference; explicitFileType = wrapper.cfbundle; includeInIndex = 0; path = TargetActionDemo1Tests.xctest; sourceTree = BUILT_PRODUCTS_DIR; };
		4B2100C1246AC04500596B99 /* TargetActionDemo1Tests.m */ = {isa = PBXFileReference; lastKnownFileType = sourcecode.c.objc; path = TargetActionDemo1Tests.m; sourceTree = "<group>"; };
		4B2100C3246AC04500596B99 /* Info.plist */ = {isa = PBXFileReference; lastKnownFileType = text.plist.xml; path = Info.plist; sourceTree = "<group>"; };
		4B2100C9246B890500596B99 /* LXXCTestExample.h */ = {isa = PBXFileReference; lastKnownFileType = sourcecode.c.h; path = LXXCTestExample.h; sourceTree = "<group>"; };
		4B2100CA246B890500596B99 /* LXXCTestExample.m */ = {isa = PBXFileReference; lastKnownFileType = sourcecode.c.objc; path = LXXCTestExample.m; sourceTree = "<group>"; };
		4B2361F823C6FE7B00F7D04C /* LXHttpDefaultHeader.h */ = {isa = PBXFileReference; lastKnownFileType = sourcecode.c.h; path = LXHttpDefaultHeader.h; sourceTree = "<group>"; };
		4B2361F923C6FE7B00F7D04C /* LXHttpDefaultHeader.m */ = {isa = PBXFileReference; lastKnownFileType = sourcecode.c.objc; path = LXHttpDefaultHeader.m; sourceTree = "<group>"; };
		4B2361FB23C70A6E00F7D04C /* LXHttpConfigureManager.h */ = {isa = PBXFileReference; lastKnownFileType = sourcecode.c.h; path = LXHttpConfigureManager.h; sourceTree = "<group>"; };
		4B2361FC23C70A6E00F7D04C /* LXHttpConfigureManager.m */ = {isa = PBXFileReference; lastKnownFileType = sourcecode.c.objc; path = LXHttpConfigureManager.m; sourceTree = "<group>"; };
		4B2361FE23C74E3700F7D04C /* LXHttpCacheTool.h */ = {isa = PBXFileReference; lastKnownFileType = sourcecode.c.h; path = LXHttpCacheTool.h; sourceTree = "<group>"; };
		4B2361FF23C74E3700F7D04C /* LXHttpCacheTool.m */ = {isa = PBXFileReference; lastKnownFileType = sourcecode.c.objc; path = LXHttpCacheTool.m; sourceTree = "<group>"; };
		4B32012323C84E2700C44E44 /* LXHttpTaskPool.h */ = {isa = PBXFileReference; lastKnownFileType = sourcecode.c.h; path = LXHttpTaskPool.h; sourceTree = "<group>"; };
		4B32012423C84E2700C44E44 /* LXHttpTaskPool.m */ = {isa = PBXFileReference; lastKnownFileType = sourcecode.c.objc; path = LXHttpTaskPool.m; sourceTree = "<group>"; };
		4B44D28B23960D3000748BFC /* AppDelegate+RootVc.h */ = {isa = PBXFileReference; lastKnownFileType = sourcecode.c.h; path = "AppDelegate+RootVc.h"; sourceTree = "<group>"; };
		4B44D28C23960D3000748BFC /* AppDelegate+RootVc.m */ = {isa = PBXFileReference; lastKnownFileType = sourcecode.c.objc; path = "AppDelegate+RootVc.m"; sourceTree = "<group>"; };
		4B44D28E23960E1F00748BFC /* ProjectHeader.h */ = {isa = PBXFileReference; lastKnownFileType = sourcecode.c.h; path = ProjectHeader.h; sourceTree = "<group>"; };
		4B44D28F23960F7C00748BFC /* AppDelegate+ThirdSDK.h */ = {isa = PBXFileReference; lastKnownFileType = sourcecode.c.h; path = "AppDelegate+ThirdSDK.h"; sourceTree = "<group>"; };
		4B44D29023960F7C00748BFC /* AppDelegate+ThirdSDK.m */ = {isa = PBXFileReference; lastKnownFileType = sourcecode.c.objc; path = "AppDelegate+ThirdSDK.m"; sourceTree = "<group>"; };
		4B44D2922396102A00748BFC /* LXConstant.h */ = {isa = PBXFileReference; lastKnownFileType = sourcecode.c.h; path = LXConstant.h; sourceTree = "<group>"; };
		4B44D2932396108D00748BFC /* LXAppearance.h */ = {isa = PBXFileReference; lastKnownFileType = sourcecode.c.h; path = LXAppearance.h; sourceTree = "<group>"; };
		4B44D2942396108D00748BFC /* LXAppearance.m */ = {isa = PBXFileReference; lastKnownFileType = sourcecode.c.objc; path = LXAppearance.m; sourceTree = "<group>"; };
		4B4EE7772453E06000A22E25 /* LXNetworkConfigureProtocol.h */ = {isa = PBXFileReference; fileEncoding = 4; lastKnownFileType = sourcecode.c.h; path = LXNetworkConfigureProtocol.h; sourceTree = "<group>"; };
		4B4EE7782453E06000A22E25 /* UIView+LXNetwork.m */ = {isa = PBXFileReference; fileEncoding = 4; lastKnownFileType = sourcecode.c.objc; path = "UIView+LXNetwork.m"; sourceTree = "<group>"; };
		4B4EE7792453E06000A22E25 /* UIView+LXNetwork.h */ = {isa = PBXFileReference; fileEncoding = 4; lastKnownFileType = sourcecode.c.h; path = "UIView+LXNetwork.h"; sourceTree = "<group>"; };
		4B4EE77A2453E06000A22E25 /* LXAgencyObserver.m */ = {isa = PBXFileReference; fileEncoding = 4; lastKnownFileType = sourcecode.c.objc; path = LXAgencyObserver.m; sourceTree = "<group>"; };
		4B4EE77B2453E06000A22E25 /* LXAgencyObserver.h */ = {isa = PBXFileReference; fileEncoding = 4; lastKnownFileType = sourcecode.c.h; path = LXAgencyObserver.h; sourceTree = "<group>"; };
		4B6E265423CC0A9A00091815 /* LXHttpBLLHandler.h */ = {isa = PBXFileReference; lastKnownFileType = sourcecode.c.h; path = LXHttpBLLHandler.h; sourceTree = "<group>"; };
		4B6E265523CC0A9A00091815 /* LXHttpBLLHandler.m */ = {isa = PBXFileReference; lastKnownFileType = sourcecode.c.objc; path = LXHttpBLLHandler.m; sourceTree = "<group>"; };
		4B9FF88222C73A0500905548 /* TargetActionDemo.app */ = {isa = PBXFileReference; explicitFileType = wrapper.application; includeInIndex = 0; path = TargetActionDemo.app; sourceTree = BUILT_PRODUCTS_DIR; };
		4B9FF88522C73A0500905548 /* AppDelegate.h */ = {isa = PBXFileReference; lastKnownFileType = sourcecode.c.h; path = AppDelegate.h; sourceTree = "<group>"; };
		4B9FF88622C73A0500905548 /* AppDelegate.m */ = {isa = PBXFileReference; lastKnownFileType = sourcecode.c.objc; path = AppDelegate.m; sourceTree = "<group>"; };
		4B9FF88E22C73A0700905548 /* Assets.xcassets */ = {isa = PBXFileReference; lastKnownFileType = folder.assetcatalog; path = Assets.xcassets; sourceTree = "<group>"; };
		4B9FF89122C73A0700905548 /* Base */ = {isa = PBXFileReference; lastKnownFileType = file.storyboard; name = Base; path = Base.lproj/LaunchScreen.storyboard; sourceTree = "<group>"; };
		4B9FF89322C73A0700905548 /* Info.plist */ = {isa = PBXFileReference; lastKnownFileType = text.plist.xml; path = Info.plist; sourceTree = "<group>"; };
		4B9FF89422C73A0700905548 /* main.m */ = {isa = PBXFileReference; lastKnownFileType = sourcecode.c.objc; path = main.m; sourceTree = "<group>"; };
		4B9FF89A22C73A0700905548 /* TargetActionDemoTests.xctest */ = {isa = PBXFileReference; explicitFileType = wrapper.cfbundle; includeInIndex = 0; path = TargetActionDemoTests.xctest; sourceTree = BUILT_PRODUCTS_DIR; };
		4B9FF89E22C73A0700905548 /* TargetActionDemoTests.m */ = {isa = PBXFileReference; lastKnownFileType = sourcecode.c.objc; path = TargetActionDemoTests.m; sourceTree = "<group>"; };
		4B9FF8A022C73A0700905548 /* Info.plist */ = {isa = PBXFileReference; lastKnownFileType = text.plist.xml; path = Info.plist; sourceTree = "<group>"; };
		4B9FF8A522C73A0700905548 /* TargetActionDemoUITests.xctest */ = {isa = PBXFileReference; explicitFileType = wrapper.cfbundle; includeInIndex = 0; path = TargetActionDemoUITests.xctest; sourceTree = BUILT_PRODUCTS_DIR; };
		4B9FF8A922C73A0700905548 /* TargetActionDemoUITests.m */ = {isa = PBXFileReference; lastKnownFileType = sourcecode.c.objc; path = TargetActionDemoUITests.m; sourceTree = "<group>"; };
		4B9FF8AB22C73A0700905548 /* Info.plist */ = {isa = PBXFileReference; lastKnownFileType = text.plist.xml; path = Info.plist; sourceTree = "<group>"; };
		4B9FF8B722C73AD500905548 /* LXTabBarController.h */ = {isa = PBXFileReference; lastKnownFileType = sourcecode.c.h; path = LXTabBarController.h; sourceTree = "<group>"; };
		4B9FF8B822C73AD500905548 /* LXTabBarController.m */ = {isa = PBXFileReference; lastKnownFileType = sourcecode.c.objc; path = LXTabBarController.m; sourceTree = "<group>"; };
		4B9FF8BF22C73D6E00905548 /* LXNavigationController.h */ = {isa = PBXFileReference; lastKnownFileType = sourcecode.c.h; path = LXNavigationController.h; sourceTree = "<group>"; };
		4B9FF8C022C73D6E00905548 /* LXNavigationController.m */ = {isa = PBXFileReference; lastKnownFileType = sourcecode.c.objc; path = LXNavigationController.m; sourceTree = "<group>"; };
		4B9FF8C522C73DEA00905548 /* targetActionPreHeader.pch */ = {isa = PBXFileReference; lastKnownFileType = sourcecode.c.h; path = targetActionPreHeader.pch; sourceTree = "<group>"; };
		4B9FF8C722C7402C00905548 /* BAHeader.h */ = {isa = PBXFileReference; lastKnownFileType = sourcecode.c.h; path = BAHeader.h; sourceTree = "<group>"; };
		4B9FF8C822C7403900905548 /* AHeader.h */ = {isa = PBXFileReference; lastKnownFileType = sourcecode.c.h; path = AHeader.h; sourceTree = "<group>"; };
		4B9FF8C922C7404300905548 /* BHeader.h */ = {isa = PBXFileReference; lastKnownFileType = sourcecode.c.h; path = BHeader.h; sourceTree = "<group>"; };
		4B9FF8CA22C7404D00905548 /* CHeader.h */ = {isa = PBXFileReference; lastKnownFileType = sourcecode.c.h; path = CHeader.h; sourceTree = "<group>"; };
		4B9FF8CB22C7405700905548 /* DHeader.h */ = {isa = PBXFileReference; lastKnownFileType = sourcecode.c.h; path = DHeader.h; sourceTree = "<group>"; };
		4B9FF8CC22C7406200905548 /* EHeader.h */ = {isa = PBXFileReference; lastKnownFileType = sourcecode.c.h; path = EHeader.h; sourceTree = "<group>"; };
		4B9FF8D022C7421C00905548 /* LXMediator.h */ = {isa = PBXFileReference; fileEncoding = 4; lastKnownFileType = sourcecode.c.h; path = LXMediator.h; sourceTree = "<group>"; };
		4B9FF8D122C7421C00905548 /* LXMediator.m */ = {isa = PBXFileReference; fileEncoding = 4; lastKnownFileType = sourcecode.c.objc; path = LXMediator.m; sourceTree = "<group>"; };
		4B9FF8D422C7429A00905548 /* Target_ModuleA.h */ = {isa = PBXFileReference; lastKnownFileType = sourcecode.c.h; path = Target_ModuleA.h; sourceTree = "<group>"; };
		4B9FF8D522C7429A00905548 /* Target_ModuleA.m */ = {isa = PBXFileReference; lastKnownFileType = sourcecode.c.objc; path = Target_ModuleA.m; sourceTree = "<group>"; };
		4B9FF8D822C742DE00905548 /* Target_ModuleB.h */ = {isa = PBXFileReference; lastKnownFileType = sourcecode.c.h; path = Target_ModuleB.h; sourceTree = "<group>"; };
		4B9FF8D922C742DE00905548 /* Target_ModuleB.m */ = {isa = PBXFileReference; lastKnownFileType = sourcecode.c.objc; path = Target_ModuleB.m; sourceTree = "<group>"; };
		4B9FF8DD22C7486300905548 /* Target_ModuleC.h */ = {isa = PBXFileReference; lastKnownFileType = sourcecode.c.h; path = Target_ModuleC.h; sourceTree = "<group>"; };
		4B9FF8DE22C7486300905548 /* Target_ModuleC.m */ = {isa = PBXFileReference; lastKnownFileType = sourcecode.c.objc; path = Target_ModuleC.m; sourceTree = "<group>"; };
		4B9FF8E122C7487E00905548 /* Target_ModuleD.h */ = {isa = PBXFileReference; lastKnownFileType = sourcecode.c.h; path = Target_ModuleD.h; sourceTree = "<group>"; };
		4B9FF8E222C7487E00905548 /* Target_ModuleD.m */ = {isa = PBXFileReference; lastKnownFileType = sourcecode.c.objc; path = Target_ModuleD.m; sourceTree = "<group>"; };
		4B9FF8E522C7489600905548 /* Target_ModuleE.h */ = {isa = PBXFileReference; lastKnownFileType = sourcecode.c.h; path = Target_ModuleE.h; sourceTree = "<group>"; };
		4B9FF8E622C7489600905548 /* Target_ModuleE.m */ = {isa = PBXFileReference; lastKnownFileType = sourcecode.c.objc; path = Target_ModuleE.m; sourceTree = "<group>"; };
		4B9FF8E822C7496B00905548 /* LXAHomeController.h */ = {isa = PBXFileReference; lastKnownFileType = sourcecode.c.h; path = LXAHomeController.h; sourceTree = "<group>"; };
		4B9FF8E922C7496B00905548 /* LXAHomeController.m */ = {isa = PBXFileReference; lastKnownFileType = sourcecode.c.objc; path = LXAHomeController.m; sourceTree = "<group>"; };
		4B9FF8EB22C7498000905548 /* LXBHomeController.h */ = {isa = PBXFileReference; lastKnownFileType = sourcecode.c.h; path = LXBHomeController.h; sourceTree = "<group>"; };
		4B9FF8EC22C7498000905548 /* LXBHomeController.m */ = {isa = PBXFileReference; lastKnownFileType = sourcecode.c.objc; path = LXBHomeController.m; sourceTree = "<group>"; };
		4B9FF8EE22C7498E00905548 /* LXCHomeController.h */ = {isa = PBXFileReference; lastKnownFileType = sourcecode.c.h; path = LXCHomeController.h; sourceTree = "<group>"; };
		4B9FF8EF22C7498E00905548 /* LXCHomeController.m */ = {isa = PBXFileReference; lastKnownFileType = sourcecode.c.objc; path = LXCHomeController.m; sourceTree = "<group>"; };
		4B9FF8F122C7499B00905548 /* LXDHomeController.h */ = {isa = PBXFileReference; lastKnownFileType = sourcecode.c.h; path = LXDHomeController.h; sourceTree = "<group>"; };
		4B9FF8F222C7499B00905548 /* LXDHomeController.m */ = {isa = PBXFileReference; lastKnownFileType = sourcecode.c.objc; path = LXDHomeController.m; sourceTree = "<group>"; };
		4B9FF8F422C749DC00905548 /* LXEHomeController.h */ = {isa = PBXFileReference; lastKnownFileType = sourcecode.c.h; path = LXEHomeController.h; sourceTree = "<group>"; };
		4B9FF8F522C749DC00905548 /* LXEHomeController.m */ = {isa = PBXFileReference; lastKnownFileType = sourcecode.c.objc; path = LXEHomeController.m; sourceTree = "<group>"; };
		4B9FF8F922C74FBD00905548 /* CALayer+LX.m */ = {isa = PBXFileReference; fileEncoding = 4; lastKnownFileType = sourcecode.c.objc; path = "CALayer+LX.m"; sourceTree = "<group>"; };
		4B9FF8FA22C74FBD00905548 /* NSArray+LX.h */ = {isa = PBXFileReference; fileEncoding = 4; lastKnownFileType = sourcecode.c.h; path = "NSArray+LX.h"; sourceTree = "<group>"; };
		4B9FF8FB22C74FBD00905548 /* NSArray+LX.m */ = {isa = PBXFileReference; fileEncoding = 4; lastKnownFileType = sourcecode.c.objc; path = "NSArray+LX.m"; sourceTree = "<group>"; };
		4B9FF8FC22C74FBD00905548 /* CALayer+LX.h */ = {isa = PBXFileReference; fileEncoding = 4; lastKnownFileType = sourcecode.c.h; path = "CALayer+LX.h"; sourceTree = "<group>"; };
		4B9FF8FD22C74FBD00905548 /* UIView+LX.h */ = {isa = PBXFileReference; fileEncoding = 4; lastKnownFileType = sourcecode.c.h; path = "UIView+LX.h"; sourceTree = "<group>"; };
		4B9FF8FE22C74FBE00905548 /* UIView+LX.m */ = {isa = PBXFileReference; fileEncoding = 4; lastKnownFileType = sourcecode.c.objc; path = "UIView+LX.m"; sourceTree = "<group>"; };
		4B9FF8FF22C74FBE00905548 /* NSDictionary+LX.h */ = {isa = PBXFileReference; fileEncoding = 4; lastKnownFileType = sourcecode.c.h; path = "NSDictionary+LX.h"; sourceTree = "<group>"; };
		4B9FF90022C74FBE00905548 /* NSDictionary+LX.m */ = {isa = PBXFileReference; fileEncoding = 4; lastKnownFileType = sourcecode.c.objc; path = "NSDictionary+LX.m"; sourceTree = "<group>"; };
		4BB5967123C57EBD0026FC51 /* LXHttpSessionTask.h */ = {isa = PBXFileReference; lastKnownFileType = sourcecode.c.h; path = LXHttpSessionTask.h; sourceTree = "<group>"; };
		4BB5967223C57EBD0026FC51 /* LXHttpSessionTask.m */ = {isa = PBXFileReference; lastKnownFileType = sourcecode.c.objc; path = LXHttpSessionTask.m; sourceTree = "<group>"; };
		62F0F7F12817B0AFA1BDEABB /* Pods-TargetActionDemoTests.debug.xcconfig */ = {isa = PBXFileReference; includeInIndex = 1; lastKnownFileType = text.xcconfig; name = "Pods-TargetActionDemoTests.debug.xcconfig"; path = "Target Support Files/Pods-TargetActionDemoTests/Pods-TargetActionDemoTests.debug.xcconfig"; sourceTree = "<group>"; };
		8ED011A835AC66ED71C7604E /* Pods_TargetActionDemo.framework */ = {isa = PBXFileReference; explicitFileType = wrapper.framework; includeInIndex = 0; path = Pods_TargetActionDemo.framework; sourceTree = BUILT_PRODUCTS_DIR; };
		99E0F343DCFF333E6C9F2755 /* Pods-TargetActionDemo.release.xcconfig */ = {isa = PBXFileReference; includeInIndex = 1; lastKnownFileType = text.xcconfig; name = "Pods-TargetActionDemo.release.xcconfig"; path = "Target Support Files/Pods-TargetActionDemo/Pods-TargetActionDemo.release.xcconfig"; sourceTree = "<group>"; };
		B85DBDA55A52E57FABE21B5B /* Pods-TargetActionDemoTests.release.xcconfig */ = {isa = PBXFileReference; includeInIndex = 1; lastKnownFileType = text.xcconfig; name = "Pods-TargetActionDemoTests.release.xcconfig"; path = "Target Support Files/Pods-TargetActionDemoTests/Pods-TargetActionDemoTests.release.xcconfig"; sourceTree = "<group>"; };
/* End PBXFileReference section */

/* Begin PBXFrameworksBuildPhase section */
		4B2100BC246AC04500596B99 /* Frameworks */ = {
			isa = PBXFrameworksBuildPhase;
			buildActionMask = 2147483647;
			files = (
			);
			runOnlyForDeploymentPostprocessing = 0;
		};
		4B9FF87F22C73A0500905548 /* Frameworks */ = {
			isa = PBXFrameworksBuildPhase;
			buildActionMask = 2147483647;
			files = (
				0AD3D0A852987148D90F2292 /* Pods_TargetActionDemo.framework in Frameworks */,
			);
			runOnlyForDeploymentPostprocessing = 0;
		};
		4B9FF89722C73A0700905548 /* Frameworks */ = {
			isa = PBXFrameworksBuildPhase;
			buildActionMask = 2147483647;
			files = (
				64EA3E06AB008C459053A1C2 /* Pods_TargetActionDemoTests.framework in Frameworks */,
			);
			runOnlyForDeploymentPostprocessing = 0;
		};
		4B9FF8A222C73A0700905548 /* Frameworks */ = {
			isa = PBXFrameworksBuildPhase;
			buildActionMask = 2147483647;
			files = (
			);
			runOnlyForDeploymentPostprocessing = 0;
		};
/* End PBXFrameworksBuildPhase section */

/* Begin PBXGroup section */
		2603F797D304996462A31DD0 /* Frameworks */ = {
			isa = PBXGroup;
			children = (
				8ED011A835AC66ED71C7604E /* Pods_TargetActionDemo.framework */,
				0AA1AB6F9A0043FF09AFE544 /* Pods_TargetActionDemoTests.framework */,
			);
			name = Frameworks;
			sourceTree = "<group>";
		};
		4B2100C0246AC04500596B99 /* TargetActionDemo1Tests */ = {
			isa = PBXGroup;
			children = (
				4B2100C1246AC04500596B99 /* TargetActionDemo1Tests.m */,
				4B2100C3246AC04500596B99 /* Info.plist */,
			);
			path = TargetActionDemo1Tests;
			sourceTree = "<group>";
		};
		4B44D28823960CB200748BFC /* Configuration */ = {
			isa = PBXGroup;
			children = (
				4B44D2922396102A00748BFC /* LXConstant.h */,
				4B44D2932396108D00748BFC /* LXAppearance.h */,
				4B44D2942396108D00748BFC /* LXAppearance.m */,
			);
			path = Configuration;
			sourceTree = "<group>";
		};
		4B44D28923960CC000748BFC /* Mediator */ = {
			isa = PBXGroup;
			children = (
				4B9FF8D022C7421C00905548 /* LXMediator.h */,
				4B9FF8D122C7421C00905548 /* LXMediator.m */,
				4BB5967123C57EBD0026FC51 /* LXHttpSessionTask.h */,
				4BB5967223C57EBD0026FC51 /* LXHttpSessionTask.m */,
				4B2361F823C6FE7B00F7D04C /* LXHttpDefaultHeader.h */,
				4B2361F923C6FE7B00F7D04C /* LXHttpDefaultHeader.m */,
				4B2361FB23C70A6E00F7D04C /* LXHttpConfigureManager.h */,
				4B2361FC23C70A6E00F7D04C /* LXHttpConfigureManager.m */,
				4B2361FE23C74E3700F7D04C /* LXHttpCacheTool.h */,
				4B2361FF23C74E3700F7D04C /* LXHttpCacheTool.m */,
				4B32012323C84E2700C44E44 /* LXHttpTaskPool.h */,
				4B32012423C84E2700C44E44 /* LXHttpTaskPool.m */,
				4B6E265423CC0A9A00091815 /* LXHttpBLLHandler.h */,
				4B6E265523CC0A9A00091815 /* LXHttpBLLHandler.m */,
			);
			path = Mediator;
			sourceTree = "<group>";
		};
		4B44D28A23960CCF00748BFC /* Entrance */ = {
			isa = PBXGroup;
			children = (
				4B9FF88522C73A0500905548 /* AppDelegate.h */,
				4B9FF88622C73A0500905548 /* AppDelegate.m */,
				4B44D28B23960D3000748BFC /* AppDelegate+RootVc.h */,
				4B44D28C23960D3000748BFC /* AppDelegate+RootVc.m */,
				4B44D28F23960F7C00748BFC /* AppDelegate+ThirdSDK.h */,
				4B44D29023960F7C00748BFC /* AppDelegate+ThirdSDK.m */,
				4B9FF8BF22C73D6E00905548 /* LXNavigationController.h */,
				4B9FF8C022C73D6E00905548 /* LXNavigationController.m */,
				4B9FF8B722C73AD500905548 /* LXTabBarController.h */,
				4B9FF8B822C73AD500905548 /* LXTabBarController.m */,
			);
			path = Entrance;
			sourceTree = "<group>";
		};
		4B4EE7762453E02700A22E25 /* LXNetwork */ = {
			isa = PBXGroup;
			children = (
				4B4EE77B2453E06000A22E25 /* LXAgencyObserver.h */,
				4B4EE77A2453E06000A22E25 /* LXAgencyObserver.m */,
				4B4EE7772453E06000A22E25 /* LXNetworkConfigureProtocol.h */,
				4B4EE7792453E06000A22E25 /* UIView+LXNetwork.h */,
				4B4EE7782453E06000A22E25 /* UIView+LXNetwork.m */,
			);
			path = LXNetwork;
			sourceTree = "<group>";
		};
		4B9FF87922C73A0500905548 = {
			isa = PBXGroup;
			children = (
				4B9FF88422C73A0500905548 /* TargetActionDemo */,
				4B9FF89D22C73A0700905548 /* TargetActionDemoTests */,
				4B9FF8A822C73A0700905548 /* TargetActionDemoUITests */,
				4B2100C0246AC04500596B99 /* TargetActionDemo1Tests */,
				4B9FF88322C73A0500905548 /* Products */,
				7CD1F9B2A25E0B45C3699560 /* Pods */,
				2603F797D304996462A31DD0 /* Frameworks */,
			);
			sourceTree = "<group>";
		};
		4B9FF88322C73A0500905548 /* Products */ = {
			isa = PBXGroup;
			children = (
				4B9FF88222C73A0500905548 /* TargetActionDemo.app */,
				4B9FF89A22C73A0700905548 /* TargetActionDemoTests.xctest */,
				4B9FF8A522C73A0700905548 /* TargetActionDemoUITests.xctest */,
				4B2100BF246AC04500596B99 /* TargetActionDemo1Tests.xctest */,
			);
			name = Products;
			sourceTree = "<group>";
		};
		4B9FF88422C73A0500905548 /* TargetActionDemo */ = {
			isa = PBXGroup;
			children = (
				4B44D28A23960CCF00748BFC /* Entrance */,
				4B44D28923960CC000748BFC /* Mediator */,
				4B44D28823960CB200748BFC /* Configuration */,
				4B9FF8C622C73FF000905548 /* ModuleBA(公共) */,
				4B9FF8BE22C73D3700905548 /* ModuleA(首页) */,
				4B9FF8BA22C73D3700905548 /* ModuleB(直播) */,
				4B9FF8BB22C73D3700905548 /* ModuleC(消息) */,
				4B9FF8BD22C73D3700905548 /* ModuleD(关注) */,
				4B9FF8BC22C73D3700905548 /* ModuleE(更多) */,
				4B9FF88E22C73A0700905548 /* Assets.xcassets */,
				4B9FF89022C73A0700905548 /* LaunchScreen.storyboard */,
				4B9FF89322C73A0700905548 /* Info.plist */,
				4B9FF89422C73A0700905548 /* main.m */,
				4B9FF8C522C73DEA00905548 /* targetActionPreHeader.pch */,
				4B44D28E23960E1F00748BFC /* ProjectHeader.h */,
			);
			path = TargetActionDemo;
			sourceTree = "<group>";
		};
		4B9FF89D22C73A0700905548 /* TargetActionDemoTests */ = {
			isa = PBXGroup;
			children = (
				4B9FF89E22C73A0700905548 /* TargetActionDemoTests.m */,
				4B9FF8A022C73A0700905548 /* Info.plist */,
			);
			path = TargetActionDemoTests;
			sourceTree = "<group>";
		};
		4B9FF8A822C73A0700905548 /* TargetActionDemoUITests */ = {
			isa = PBXGroup;
			children = (
				4B9FF8A922C73A0700905548 /* TargetActionDemoUITests.m */,
				4B9FF8AB22C73A0700905548 /* Info.plist */,
			);
			path = TargetActionDemoUITests;
			sourceTree = "<group>";
		};
		4B9FF8BA22C73D3700905548 /* ModuleB(直播) */ = {
			isa = PBXGroup;
			children = (
				4B9FF8D722C742C900905548 /* Actions */,
				4B9FF8C922C7404300905548 /* BHeader.h */,
				4B9FF8EB22C7498000905548 /* LXBHomeController.h */,
				4B9FF8EC22C7498000905548 /* LXBHomeController.m */,
			);
			path = "ModuleB(直播)";
			sourceTree = "<group>";
		};
		4B9FF8BB22C73D3700905548 /* ModuleC(消息) */ = {
			isa = PBXGroup;
			children = (
				4B9FF8DB22C742E900905548 /* Actions */,
				4B9FF8CA22C7404D00905548 /* CHeader.h */,
				4B9FF8EE22C7498E00905548 /* LXCHomeController.h */,
				4B9FF8EF22C7498E00905548 /* LXCHomeController.m */,
				4B2100C9246B890500596B99 /* LXXCTestExample.h */,
				4B2100CA246B890500596B99 /* LXXCTestExample.m */,
			);
			path = "ModuleC(消息)";
			sourceTree = "<group>";
		};
		4B9FF8BC22C73D3700905548 /* ModuleE(更多) */ = {
			isa = PBXGroup;
			children = (
				4B9FF8E422C7488300905548 /* Actions */,
				4B9FF8CC22C7406200905548 /* EHeader.h */,
				4B9FF8F422C749DC00905548 /* LXEHomeController.h */,
				4B9FF8F522C749DC00905548 /* LXEHomeController.m */,
				4B2100B5246A7DF900596B99 /* LXETestController.h */,
				4B2100B6246A7DF900596B99 /* LXETestController.m */,
				4B2100B8246A8C3600596B99 /* LSLBacktraceLogger.h */,
				4B2100B9246A8C3600596B99 /* LSLBacktraceLogger.m */,
			);
			path = "ModuleE(更多)";
			sourceTree = "<group>";
		};
		4B9FF8BD22C73D3700905548 /* ModuleD(关注) */ = {
			isa = PBXGroup;
			children = (
				4B9FF8E022C7486C00905548 /* Actions */,
				4B9FF8CB22C7405700905548 /* DHeader.h */,
				4B9FF8F122C7499B00905548 /* LXDHomeController.h */,
				4B9FF8F222C7499B00905548 /* LXDHomeController.m */,
			);
			path = "ModuleD(关注)";
			sourceTree = "<group>";
		};
		4B9FF8BE22C73D3700905548 /* ModuleA(首页) */ = {
			isa = PBXGroup;
			children = (
				4B9FF8D322C7424400905548 /* Actions */,
				4B9FF8C822C7403900905548 /* AHeader.h */,
				4B9FF8E822C7496B00905548 /* LXAHomeController.h */,
				4B9FF8E922C7496B00905548 /* LXAHomeController.m */,
			);
			path = "ModuleA(首页)";
			sourceTree = "<group>";
		};
		4B9FF8C622C73FF000905548 /* ModuleBA(公共) */ = {
			isa = PBXGroup;
			children = (
				4B9FF8C722C7402C00905548 /* BAHeader.h */,
				4B4EE7762453E02700A22E25 /* LXNetwork */,
				4B9FF8F722C74F8E00905548 /* 工具 */,
			);
			path = "ModuleBA(公共)";
			sourceTree = "<group>";
		};
		4B9FF8D322C7424400905548 /* Actions */ = {
			isa = PBXGroup;
			children = (
				4B9FF8D422C7429A00905548 /* Target_ModuleA.h */,
				4B9FF8D522C7429A00905548 /* Target_ModuleA.m */,
			);
			path = Actions;
			sourceTree = "<group>";
		};
		4B9FF8D722C742C900905548 /* Actions */ = {
			isa = PBXGroup;
			children = (
				4B9FF8D822C742DE00905548 /* Target_ModuleB.h */,
				4B9FF8D922C742DE00905548 /* Target_ModuleB.m */,
			);
			path = Actions;
			sourceTree = "<group>";
		};
		4B9FF8DB22C742E900905548 /* Actions */ = {
			isa = PBXGroup;
			children = (
				4B9FF8DD22C7486300905548 /* Target_ModuleC.h */,
				4B9FF8DE22C7486300905548 /* Target_ModuleC.m */,
			);
			path = Actions;
			sourceTree = "<group>";
		};
		4B9FF8E022C7486C00905548 /* Actions */ = {
			isa = PBXGroup;
			children = (
				4B9FF8E122C7487E00905548 /* Target_ModuleD.h */,
				4B9FF8E222C7487E00905548 /* Target_ModuleD.m */,
			);
			path = Actions;
			sourceTree = "<group>";
		};
		4B9FF8E422C7488300905548 /* Actions */ = {
			isa = PBXGroup;
			children = (
				4B9FF8E522C7489600905548 /* Target_ModuleE.h */,
				4B9FF8E622C7489600905548 /* Target_ModuleE.m */,
			);
			path = Actions;
			sourceTree = "<group>";
		};
		4B9FF8F722C74F8E00905548 /* 工具 */ = {
			isa = PBXGroup;
			children = (
				4B9FF8F822C74FA300905548 /* Chains */,
			);
			path = "工具";
			sourceTree = "<group>";
		};
		4B9FF8F822C74FA300905548 /* Chains */ = {
			isa = PBXGroup;
			children = (
				4B9FF8FC22C74FBD00905548 /* CALayer+LX.h */,
				4B9FF8F922C74FBD00905548 /* CALayer+LX.m */,
				4B9FF8FA22C74FBD00905548 /* NSArray+LX.h */,
				4B9FF8FB22C74FBD00905548 /* NSArray+LX.m */,
				4B9FF8FF22C74FBE00905548 /* NSDictionary+LX.h */,
				4B9FF90022C74FBE00905548 /* NSDictionary+LX.m */,
				4B9FF8FD22C74FBD00905548 /* UIView+LX.h */,
				4B9FF8FE22C74FBE00905548 /* UIView+LX.m */,
			);
			path = Chains;
			sourceTree = "<group>";
		};
		7CD1F9B2A25E0B45C3699560 /* Pods */ = {
			isa = PBXGroup;
			children = (
				11FF751815B96EA462A8062C /* Pods-TargetActionDemo.debug.xcconfig */,
				99E0F343DCFF333E6C9F2755 /* Pods-TargetActionDemo.release.xcconfig */,
				62F0F7F12817B0AFA1BDEABB /* Pods-TargetActionDemoTests.debug.xcconfig */,
				B85DBDA55A52E57FABE21B5B /* Pods-TargetActionDemoTests.release.xcconfig */,
			);
			path = Pods;
			sourceTree = "<group>";
		};
/* End PBXGroup section */

/* Begin PBXNativeTarget section */
		4B2100BE246AC04500596B99 /* TargetActionDemo1Tests */ = {
			isa = PBXNativeTarget;
			buildConfigurationList = 4B2100C8246AC04500596B99 /* Build configuration list for PBXNativeTarget "TargetActionDemo1Tests" */;
			buildPhases = (
				4B2100BB246AC04500596B99 /* Sources */,
				4B2100BC246AC04500596B99 /* Frameworks */,
				4B2100BD246AC04500596B99 /* Resources */,
			);
			buildRules = (
			);
			dependencies = (
				4B2100C5246AC04500596B99 /* PBXTargetDependency */,
			);
			name = TargetActionDemo1Tests;
			productName = TargetActionDemo1Tests;
			productReference = 4B2100BF246AC04500596B99 /* TargetActionDemo1Tests.xctest */;
			productType = "com.apple.product-type.bundle.unit-test";
		};
		4B9FF88122C73A0500905548 /* TargetActionDemo */ = {
			isa = PBXNativeTarget;
			buildConfigurationList = 4B9FF8AE22C73A0700905548 /* Build configuration list for PBXNativeTarget "TargetActionDemo" */;
			buildPhases = (
				99A3C42806C5469979FABBF0 /* [CP] Check Pods Manifest.lock */,
				4B9FF87E22C73A0500905548 /* Sources */,
				4B9FF87F22C73A0500905548 /* Frameworks */,
				4B9FF88022C73A0500905548 /* Resources */,
				D5640982F5EEBE8BC6D9021D /* [CP] Embed Pods Frameworks */,
			);
			buildRules = (
			);
			dependencies = (
			);
			name = TargetActionDemo;
			productName = TargetActionDemo;
			productReference = 4B9FF88222C73A0500905548 /* TargetActionDemo.app */;
			productType = "com.apple.product-type.application";
		};
		4B9FF89922C73A0700905548 /* TargetActionDemoTests */ = {
			isa = PBXNativeTarget;
			buildConfigurationList = 4B9FF8B122C73A0700905548 /* Build configuration list for PBXNativeTarget "TargetActionDemoTests" */;
			buildPhases = (
				B7D0776D65D9A7E469586C3D /* [CP] Check Pods Manifest.lock */,
				4B9FF89622C73A0700905548 /* Sources */,
				4B9FF89722C73A0700905548 /* Frameworks */,
				4B9FF89822C73A0700905548 /* Resources */,
				BD01BD6DDD798D20932C2FDD /* [CP] Embed Pods Frameworks */,
			);
			buildRules = (
			);
			dependencies = (
				4B9FF89C22C73A0700905548 /* PBXTargetDependency */,
			);
			name = TargetActionDemoTests;
			productName = TargetActionDemoTests;
			productReference = 4B9FF89A22C73A0700905548 /* TargetActionDemoTests.xctest */;
			productType = "com.apple.product-type.bundle.unit-test";
		};
		4B9FF8A422C73A0700905548 /* TargetActionDemoUITests */ = {
			isa = PBXNativeTarget;
			buildConfigurationList = 4B9FF8B422C73A0700905548 /* Build configuration list for PBXNativeTarget "TargetActionDemoUITests" */;
			buildPhases = (
				4B9FF8A122C73A0700905548 /* Sources */,
				4B9FF8A222C73A0700905548 /* Frameworks */,
				4B9FF8A322C73A0700905548 /* Resources */,
			);
			buildRules = (
			);
			dependencies = (
				4B9FF8A722C73A0700905548 /* PBXTargetDependency */,
			);
			name = TargetActionDemoUITests;
			productName = TargetActionDemoUITests;
			productReference = 4B9FF8A522C73A0700905548 /* TargetActionDemoUITests.xctest */;
			productType = "com.apple.product-type.bundle.ui-testing";
		};
/* End PBXNativeTarget section */

/* Begin PBXProject section */
		4B9FF87A22C73A0500905548 /* Project object */ = {
			isa = PBXProject;
			attributes = {
				CLASSPREFIX = LX;
				LastUpgradeCheck = 1020;
				ORGANIZATIONNAME = starxin;
				TargetAttributes = {
					4B2100BE246AC04500596B99 = {
						CreatedOnToolsVersion = 11.4;
						TestTargetID = 4B9FF88122C73A0500905548;
					};
					4B9FF88122C73A0500905548 = {
						CreatedOnToolsVersion = 10.2.1;
					};
					4B9FF89922C73A0700905548 = {
						CreatedOnToolsVersion = 10.2.1;
						TestTargetID = 4B9FF88122C73A0500905548;
					};
					4B9FF8A422C73A0700905548 = {
						CreatedOnToolsVersion = 10.2.1;
						TestTargetID = 4B9FF88122C73A0500905548;
					};
				};
			};
			buildConfigurationList = 4B9FF87D22C73A0500905548 /* Build configuration list for PBXProject "TargetActionDemo" */;
			compatibilityVersion = "Xcode 9.3";
			developmentRegion = en;
			hasScannedForEncodings = 0;
			knownRegions = (
				en,
				Base,
			);
			mainGroup = 4B9FF87922C73A0500905548;
			productRefGroup = 4B9FF88322C73A0500905548 /* Products */;
			projectDirPath = "";
			projectRoot = "";
			targets = (
				4B9FF88122C73A0500905548 /* TargetActionDemo */,
				4B9FF89922C73A0700905548 /* TargetActionDemoTests */,
				4B9FF8A422C73A0700905548 /* TargetActionDemoUITests */,
				4B2100BE246AC04500596B99 /* TargetActionDemo1Tests */,
			);
		};
/* End PBXProject section */

/* Begin PBXResourcesBuildPhase section */
		4B2100BD246AC04500596B99 /* Resources */ = {
			isa = PBXResourcesBuildPhase;
			buildActionMask = 2147483647;
			files = (
			);
			runOnlyForDeploymentPostprocessing = 0;
		};
		4B9FF88022C73A0500905548 /* Resources */ = {
			isa = PBXResourcesBuildPhase;
			buildActionMask = 2147483647;
			files = (
				4B9FF89222C73A0700905548 /* LaunchScreen.storyboard in Resources */,
				4B9FF88F22C73A0700905548 /* Assets.xcassets in Resources */,
			);
			runOnlyForDeploymentPostprocessing = 0;
		};
		4B9FF89822C73A0700905548 /* Resources */ = {
			isa = PBXResourcesBuildPhase;
			buildActionMask = 2147483647;
			files = (
			);
			runOnlyForDeploymentPostprocessing = 0;
		};
		4B9FF8A322C73A0700905548 /* Resources */ = {
			isa = PBXResourcesBuildPhase;
			buildActionMask = 2147483647;
			files = (
			);
			runOnlyForDeploymentPostprocessing = 0;
		};
/* End PBXResourcesBuildPhase section */

/* Begin PBXShellScriptBuildPhase section */
		99A3C42806C5469979FABBF0 /* [CP] Check Pods Manifest.lock */ = {
			isa = PBXShellScriptBuildPhase;
			buildActionMask = 2147483647;
			files = (
			);
			inputFileListPaths = (
			);
			inputPaths = (
				"${PODS_PODFILE_DIR_PATH}/Podfile.lock",
				"${PODS_ROOT}/Manifest.lock",
			);
			name = "[CP] Check Pods Manifest.lock";
			outputFileListPaths = (
			);
			outputPaths = (
				"$(DERIVED_FILE_DIR)/Pods-TargetActionDemo-checkManifestLockResult.txt",
			);
			runOnlyForDeploymentPostprocessing = 0;
			shellPath = /bin/sh;
			shellScript = "diff \"${PODS_PODFILE_DIR_PATH}/Podfile.lock\" \"${PODS_ROOT}/Manifest.lock\" > /dev/null\nif [ $? != 0 ] ; then\n    # print error to STDERR\n    echo \"error: The sandbox is not in sync with the Podfile.lock. Run 'pod install' or update your CocoaPods installation.\" >&2\n    exit 1\nfi\n# This output is used by Xcode 'outputs' to avoid re-running this script phase.\necho \"SUCCESS\" > \"${SCRIPT_OUTPUT_FILE_0}\"\n";
			showEnvVarsInLog = 0;
		};
		B7D0776D65D9A7E469586C3D /* [CP] Check Pods Manifest.lock */ = {
			isa = PBXShellScriptBuildPhase;
			buildActionMask = 2147483647;
			files = (
			);
			inputFileListPaths = (
			);
			inputPaths = (
				"${PODS_PODFILE_DIR_PATH}/Podfile.lock",
				"${PODS_ROOT}/Manifest.lock",
			);
			name = "[CP] Check Pods Manifest.lock";
			outputFileListPaths = (
			);
			outputPaths = (
				"$(DERIVED_FILE_DIR)/Pods-TargetActionDemoTests-checkManifestLockResult.txt",
			);
			runOnlyForDeploymentPostprocessing = 0;
			shellPath = /bin/sh;
			shellScript = "diff \"${PODS_PODFILE_DIR_PATH}/Podfile.lock\" \"${PODS_ROOT}/Manifest.lock\" > /dev/null\nif [ $? != 0 ] ; then\n    # print error to STDERR\n    echo \"error: The sandbox is not in sync with the Podfile.lock. Run 'pod install' or update your CocoaPods installation.\" >&2\n    exit 1\nfi\n# This output is used by Xcode 'outputs' to avoid re-running this script phase.\necho \"SUCCESS\" > \"${SCRIPT_OUTPUT_FILE_0}\"\n";
			showEnvVarsInLog = 0;
		};
		BD01BD6DDD798D20932C2FDD /* [CP] Embed Pods Frameworks */ = {
			isa = PBXShellScriptBuildPhase;
			buildActionMask = 2147483647;
			files = (
			);
			inputFileListPaths = (
				"${PODS_ROOT}/Target Support Files/Pods-TargetActionDemoTests/Pods-TargetActionDemoTests-frameworks-${CONFIGURATION}-input-files.xcfilelist",
			);
			name = "[CP] Embed Pods Frameworks";
			outputFileListPaths = (
				"${PODS_ROOT}/Target Support Files/Pods-TargetActionDemoTests/Pods-TargetActionDemoTests-frameworks-${CONFIGURATION}-output-files.xcfilelist",
			);
			runOnlyForDeploymentPostprocessing = 0;
			shellPath = /bin/sh;
			shellScript = "\"${PODS_ROOT}/Target Support Files/Pods-TargetActionDemoTests/Pods-TargetActionDemoTests-frameworks.sh\"\n";
			showEnvVarsInLog = 0;
		};
		D5640982F5EEBE8BC6D9021D /* [CP] Embed Pods Frameworks */ = {
			isa = PBXShellScriptBuildPhase;
			buildActionMask = 2147483647;
			files = (
			);
			inputFileListPaths = (
				"${PODS_ROOT}/Target Support Files/Pods-TargetActionDemo/Pods-TargetActionDemo-frameworks-${CONFIGURATION}-input-files.xcfilelist",
			);
			name = "[CP] Embed Pods Frameworks";
			outputFileListPaths = (
				"${PODS_ROOT}/Target Support Files/Pods-TargetActionDemo/Pods-TargetActionDemo-frameworks-${CONFIGURATION}-output-files.xcfilelist",
			);
			runOnlyForDeploymentPostprocessing = 0;
			shellPath = /bin/sh;
			shellScript = "\"${PODS_ROOT}/Target Support Files/Pods-TargetActionDemo/Pods-TargetActionDemo-frameworks.sh\"\n";
			showEnvVarsInLog = 0;
		};
/* End PBXShellScriptBuildPhase section */

/* Begin PBXSourcesBuildPhase section */
		4B2100BB246AC04500596B99 /* Sources */ = {
			isa = PBXSourcesBuildPhase;
			buildActionMask = 2147483647;
			files = (
				4B2100C2246AC04500596B99 /* TargetActionDemo1Tests.m in Sources */,
			);
			runOnlyForDeploymentPostprocessing = 0;
		};
		4B9FF87E22C73A0500905548 /* Sources */ = {
			isa = PBXSourcesBuildPhase;
			buildActionMask = 2147483647;
			files = (
				4B9FF90222C74FBE00905548 /* NSArray+LX.m in Sources */,
				4B9FF8E722C7489600905548 /* Target_ModuleE.m in Sources */,
				4B2361FA23C6FE7B00F7D04C /* LXHttpDefaultHeader.m in Sources */,
				4B9FF8ED22C7498000905548 /* LXBHomeController.m in Sources */,
				4B9FF8D622C7429A00905548 /* Target_ModuleA.m in Sources */,
				4B9FF8DA22C742DE00905548 /* Target_ModuleB.m in Sources */,
				4B4EE77C2453E06000A22E25 /* UIView+LXNetwork.m in Sources */,
				4B44D29123960F7C00748BFC /* AppDelegate+ThirdSDK.m in Sources */,
				4B9FF8F622C749DC00905548 /* LXEHomeController.m in Sources */,
				4B9FF8D222C7421C00905548 /* LXMediator.m in Sources */,
				4B6E265623CC0A9A00091815 /* LXHttpBLLHandler.m in Sources */,
				4B2361FD23C70A6E00F7D04C /* LXHttpConfigureManager.m in Sources */,
				4B32012523C84E2700C44E44 /* LXHttpTaskPool.m in Sources */,
				4B9FF89522C73A0700905548 /* main.m in Sources */,
				4B9FF8F322C7499B00905548 /* LXDHomeController.m in Sources */,
				4B2100CB246B890500596B99 /* LXXCTestExample.m in Sources */,
				4B9FF90122C74FBE00905548 /* CALayer+LX.m in Sources */,
				4B9FF90422C74FBE00905548 /* NSDictionary+LX.m in Sources */,
				4B9FF8F022C7498E00905548 /* LXCHomeController.m in Sources */,
				4B23620023C74E3700F7D04C /* LXHttpCacheTool.m in Sources */,
				4BB5967323C57EBD0026FC51 /* LXHttpSessionTask.m in Sources */,
				4B44D2952396108D00748BFC /* LXAppearance.m in Sources */,
				4B9FF90322C74FBE00905548 /* UIView+LX.m in Sources */,
				4B9FF88722C73A0500905548 /* AppDelegate.m in Sources */,
				4B9FF8B922C73AD500905548 /* LXTabBarController.m in Sources */,
				4B4EE77D2453E06000A22E25 /* LXAgencyObserver.m in Sources */,
				4B9FF8DF22C7486300905548 /* Target_ModuleC.m in Sources */,
				4B2100BA246A8C3600596B99 /* LSLBacktraceLogger.m in Sources */,
				4B44D28D23960D3000748BFC /* AppDelegate+RootVc.m in Sources */,
				4B9FF8EA22C7496B00905548 /* LXAHomeController.m in Sources */,
				4B9FF8C122C73D6E00905548 /* LXNavigationController.m in Sources */,
				4B9FF8E322C7487E00905548 /* Target_ModuleD.m in Sources */,
				4B2100B7246A7DF900596B99 /* LXETestController.m in Sources */,
			);
			runOnlyForDeploymentPostprocessing = 0;
		};
		4B9FF89622C73A0700905548 /* Sources */ = {
			isa = PBXSourcesBuildPhase;
			buildActionMask = 2147483647;
			files = (
				4B9FF89F22C73A0700905548 /* TargetActionDemoTests.m in Sources */,
			);
			runOnlyForDeploymentPostprocessing = 0;
		};
		4B9FF8A122C73A0700905548 /* Sources */ = {
			isa = PBXSourcesBuildPhase;
			buildActionMask = 2147483647;
			files = (
				4B9FF8AA22C73A0700905548 /* TargetActionDemoUITests.m in Sources */,
			);
			runOnlyForDeploymentPostprocessing = 0;
		};
/* End PBXSourcesBuildPhase section */

/* Begin PBXTargetDependency section */
		4B2100C5246AC04500596B99 /* PBXTargetDependency */ = {
			isa = PBXTargetDependency;
			target = 4B9FF88122C73A0500905548 /* TargetActionDemo */;
			targetProxy = 4B2100C4246AC04500596B99 /* PBXContainerItemProxy */;
		};
		4B9FF89C22C73A0700905548 /* PBXTargetDependency */ = {
			isa = PBXTargetDependency;
			target = 4B9FF88122C73A0500905548 /* TargetActionDemo */;
			targetProxy = 4B9FF89B22C73A0700905548 /* PBXContainerItemProxy */;
		};
		4B9FF8A722C73A0700905548 /* PBXTargetDependency */ = {
			isa = PBXTargetDependency;
			target = 4B9FF88122C73A0500905548 /* TargetActionDemo */;
			targetProxy = 4B9FF8A622C73A0700905548 /* PBXContainerItemProxy */;
		};
/* End PBXTargetDependency section */

/* Begin PBXVariantGroup section */
		4B9FF89022C73A0700905548 /* LaunchScreen.storyboard */ = {
			isa = PBXVariantGroup;
			children = (
				4B9FF89122C73A0700905548 /* Base */,
			);
			name = LaunchScreen.storyboard;
			sourceTree = "<group>";
		};
/* End PBXVariantGroup section */

/* Begin XCBuildConfiguration section */
		4B2100C6246AC04500596B99 /* Debug */ = {
			isa = XCBuildConfiguration;
			buildSettings = {
				BUNDLE_LOADER = "$(TEST_HOST)";
				CODE_SIGN_STYLE = Automatic;
				DEVELOPMENT_TEAM = 7QNHFLAU6U;
				INFOPLIST_FILE = TargetActionDemo1Tests/Info.plist;
				IPHONEOS_DEPLOYMENT_TARGET = 13.4;
				LD_RUNPATH_SEARCH_PATHS = (
					"$(inherited)",
					"@executable_path/Frameworks",
					"@loader_path/Frameworks",
				);
				PRODUCT_BUNDLE_IDENTIFIER = com.qizhidao.TargetActionDemo1Tests;
				PRODUCT_NAME = "$(TARGET_NAME)";
				TARGETED_DEVICE_FAMILY = "1,2";
				TEST_HOST = "$(BUILT_PRODUCTS_DIR)/TargetActionDemo.app/TargetActionDemo";
			};
			name = Debug;
		};
		4B2100C7246AC04500596B99 /* Release */ = {
			isa = XCBuildConfiguration;
			buildSettings = {
				BUNDLE_LOADER = "$(TEST_HOST)";
				CODE_SIGN_STYLE = Automatic;
				DEVELOPMENT_TEAM = 7QNHFLAU6U;
				INFOPLIST_FILE = TargetActionDemo1Tests/Info.plist;
				IPHONEOS_DEPLOYMENT_TARGET = 13.4;
				LD_RUNPATH_SEARCH_PATHS = (
					"$(inherited)",
					"@executable_path/Frameworks",
					"@loader_path/Frameworks",
				);
				PRODUCT_BUNDLE_IDENTIFIER = com.qizhidao.TargetActionDemo1Tests;
				PRODUCT_NAME = "$(TARGET_NAME)";
				TARGETED_DEVICE_FAMILY = "1,2";
				TEST_HOST = "$(BUILT_PRODUCTS_DIR)/TargetActionDemo.app/TargetActionDemo";
			};
			name = Release;
		};
		4B9FF8AC22C73A0700905548 /* Debug */ = {
			isa = XCBuildConfiguration;
			buildSettings = {
				ALWAYS_SEARCH_USER_PATHS = NO;
				CLANG_ANALYZER_NONNULL = YES;
				CLANG_ANALYZER_NUMBER_OBJECT_CONVERSION = YES_AGGRESSIVE;
				CLANG_CXX_LANGUAGE_STANDARD = "gnu++14";
				CLANG_CXX_LIBRARY = "libc++";
				CLANG_ENABLE_MODULES = YES;
				CLANG_ENABLE_OBJC_ARC = YES;
				CLANG_ENABLE_OBJC_WEAK = YES;
				CLANG_WARN_BLOCK_CAPTURE_AUTORELEASING = YES;
				CLANG_WARN_BOOL_CONVERSION = YES;
				CLANG_WARN_COMMA = YES;
				CLANG_WARN_CONSTANT_CONVERSION = YES;
				CLANG_WARN_DEPRECATED_OBJC_IMPLEMENTATIONS = YES;
				CLANG_WARN_DIRECT_OBJC_ISA_USAGE = YES_ERROR;
				CLANG_WARN_DOCUMENTATION_COMMENTS = YES;
				CLANG_WARN_EMPTY_BODY = YES;
				CLANG_WARN_ENUM_CONVERSION = YES;
				CLANG_WARN_INFINITE_RECURSION = YES;
				CLANG_WARN_INT_CONVERSION = YES;
				CLANG_WARN_NON_LITERAL_NULL_CONVERSION = YES;
				CLANG_WARN_OBJC_IMPLICIT_RETAIN_SELF = YES;
				CLANG_WARN_OBJC_LITERAL_CONVERSION = YES;
				CLANG_WARN_OBJC_ROOT_CLASS = YES_ERROR;
				CLANG_WARN_RANGE_LOOP_ANALYSIS = YES;
				CLANG_WARN_STRICT_PROTOTYPES = YES;
				CLANG_WARN_SUSPICIOUS_MOVE = YES;
				CLANG_WARN_UNGUARDED_AVAILABILITY = YES_AGGRESSIVE;
				CLANG_WARN_UNREACHABLE_CODE = YES;
				CLANG_WARN__DUPLICATE_METHOD_MATCH = YES;
				CODE_SIGN_IDENTITY = "iPhone Developer";
				COPY_PHASE_STRIP = NO;
				DEBUG_INFORMATION_FORMAT = dwarf;
				ENABLE_STRICT_OBJC_MSGSEND = YES;
				ENABLE_TESTABILITY = YES;
				GCC_C_LANGUAGE_STANDARD = gnu11;
				GCC_DYNAMIC_NO_PIC = NO;
				GCC_NO_COMMON_BLOCKS = YES;
				GCC_OPTIMIZATION_LEVEL = 0;
				GCC_PREPROCESSOR_DEFINITIONS = (
					"DEBUG=1",
					"$(inherited)",
				);
				GCC_WARN_64_TO_32_BIT_CONVERSION = YES;
				GCC_WARN_ABOUT_RETURN_TYPE = YES_ERROR;
				GCC_WARN_UNDECLARED_SELECTOR = YES;
				GCC_WARN_UNINITIALIZED_AUTOS = YES_AGGRESSIVE;
				GCC_WARN_UNUSED_FUNCTION = YES;
				GCC_WARN_UNUSED_VARIABLE = YES;
				IPHONEOS_DEPLOYMENT_TARGET = 10.0;
				MTL_ENABLE_DEBUG_INFO = INCLUDE_SOURCE;
				MTL_FAST_MATH = YES;
				ONLY_ACTIVE_ARCH = YES;
				SDKROOT = iphoneos;
			};
			name = Debug;
		};
		4B9FF8AD22C73A0700905548 /* Release */ = {
			isa = XCBuildConfiguration;
			buildSettings = {
				ALWAYS_SEARCH_USER_PATHS = NO;
				CLANG_ANALYZER_NONNULL = YES;
				CLANG_ANALYZER_NUMBER_OBJECT_CONVERSION = YES_AGGRESSIVE;
				CLANG_CXX_LANGUAGE_STANDARD = "gnu++14";
				CLANG_CXX_LIBRARY = "libc++";
				CLANG_ENABLE_MODULES = YES;
				CLANG_ENABLE_OBJC_ARC = YES;
				CLANG_ENABLE_OBJC_WEAK = YES;
				CLANG_WARN_BLOCK_CAPTURE_AUTORELEASING = YES;
				CLANG_WARN_BOOL_CONVERSION = YES;
				CLANG_WARN_COMMA = YES;
				CLANG_WARN_CONSTANT_CONVERSION = YES;
				CLANG_WARN_DEPRECATED_OBJC_IMPLEMENTATIONS = YES;
				CLANG_WARN_DIRECT_OBJC_ISA_USAGE = YES_ERROR;
				CLANG_WARN_DOCUMENTATION_COMMENTS = YES;
				CLANG_WARN_EMPTY_BODY = YES;
				CLANG_WARN_ENUM_CONVERSION = YES;
				CLANG_WARN_INFINITE_RECURSION = YES;
				CLANG_WARN_INT_CONVERSION = YES;
				CLANG_WARN_NON_LITERAL_NULL_CONVERSION = YES;
				CLANG_WARN_OBJC_IMPLICIT_RETAIN_SELF = YES;
				CLANG_WARN_OBJC_LITERAL_CONVERSION = YES;
				CLANG_WARN_OBJC_ROOT_CLASS = YES_ERROR;
				CLANG_WARN_RANGE_LOOP_ANALYSIS = YES;
				CLANG_WARN_STRICT_PROTOTYPES = YES;
				CLANG_WARN_SUSPICIOUS_MOVE = YES;
				CLANG_WARN_UNGUARDED_AVAILABILITY = YES_AGGRESSIVE;
				CLANG_WARN_UNREACHABLE_CODE = YES;
				CLANG_WARN__DUPLICATE_METHOD_MATCH = YES;
				CODE_SIGN_IDENTITY = "iPhone Developer";
				COPY_PHASE_STRIP = NO;
				DEBUG_INFORMATION_FORMAT = "dwarf-with-dsym";
				ENABLE_NS_ASSERTIONS = NO;
				ENABLE_STRICT_OBJC_MSGSEND = YES;
				GCC_C_LANGUAGE_STANDARD = gnu11;
				GCC_NO_COMMON_BLOCKS = YES;
				GCC_WARN_64_TO_32_BIT_CONVERSION = YES;
				GCC_WARN_ABOUT_RETURN_TYPE = YES_ERROR;
				GCC_WARN_UNDECLARED_SELECTOR = YES;
				GCC_WARN_UNINITIALIZED_AUTOS = YES_AGGRESSIVE;
				GCC_WARN_UNUSED_FUNCTION = YES;
				GCC_WARN_UNUSED_VARIABLE = YES;
				IPHONEOS_DEPLOYMENT_TARGET = 10.0;
				MTL_ENABLE_DEBUG_INFO = NO;
				MTL_FAST_MATH = YES;
				SDKROOT = iphoneos;
				VALIDATE_PRODUCT = YES;
			};
			name = Release;
		};
		4B9FF8AF22C73A0700905548 /* Debug */ = {
			isa = XCBuildConfiguration;
			baseConfigurationReference = 11FF751815B96EA462A8062C /* Pods-TargetActionDemo.debug.xcconfig */;
			buildSettings = {
				ASSETCATALOG_COMPILER_APPICON_NAME = AppIcon;
				CODE_SIGN_STYLE = Automatic;
				DEVELOPMENT_TEAM = TGAGLHJ62P;
				GCC_PRECOMPILE_PREFIX_HEADER = YES;
				GCC_PREFIX_HEADER = TargetActionDemo/targetActionPreHeader.pch;
				INFOPLIST_FILE = TargetActionDemo/Info.plist;
				IPHONEOS_DEPLOYMENT_TARGET = 9.0;
				LD_RUNPATH_SEARCH_PATHS = (
					"$(inherited)",
					"@executable_path/Frameworks",
				);
				PRODUCT_BUNDLE_IDENTIFIER = com.starxin.TargetActionDemo;
				PRODUCT_NAME = "$(TARGET_NAME)";
				TARGETED_DEVICE_FAMILY = "1,2";
			};
			name = Debug;
		};
		4B9FF8B022C73A0700905548 /* Release */ = {
			isa = XCBuildConfiguration;
			baseConfigurationReference = 99E0F343DCFF333E6C9F2755 /* Pods-TargetActionDemo.release.xcconfig */;
			buildSettings = {
				ASSETCATALOG_COMPILER_APPICON_NAME = AppIcon;
				CODE_SIGN_STYLE = Automatic;
				DEVELOPMENT_TEAM = TGAGLHJ62P;
				GCC_PRECOMPILE_PREFIX_HEADER = YES;
				GCC_PREFIX_HEADER = TargetActionDemo/targetActionPreHeader.pch;
				INFOPLIST_FILE = TargetActionDemo/Info.plist;
				IPHONEOS_DEPLOYMENT_TARGET = 9.0;
				LD_RUNPATH_SEARCH_PATHS = (
					"$(inherited)",
					"@executable_path/Frameworks",
				);
				PRODUCT_BUNDLE_IDENTIFIER = com.starxin.TargetActionDemo;
				PRODUCT_NAME = "$(TARGET_NAME)";
				TARGETED_DEVICE_FAMILY = "1,2";
			};
			name = Release;
		};
		4B9FF8B222C73A0700905548 /* Debug */ = {
			isa = XCBuildConfiguration;
			baseConfigurationReference = 62F0F7F12817B0AFA1BDEABB /* Pods-TargetActionDemoTests.debug.xcconfig */;
			buildSettings = {
				BUNDLE_LOADER = "$(TEST_HOST)";
				CODE_SIGN_STYLE = Automatic;
				GCC_PRECOMPILE_PREFIX_HEADER = YES;
				GCC_PREFIX_HEADER = TargetActionDemo/targetActionPreHeader.pch;
				INFOPLIST_FILE = TargetActionDemoTests/Info.plist;
				LD_RUNPATH_SEARCH_PATHS = (
					"$(inherited)",
					"@executable_path/Frameworks",
					"@loader_path/Frameworks",
				);
				PRODUCT_BUNDLE_IDENTIFIER = com.starxin.TargetActionDemoTests;
				PRODUCT_NAME = "$(TARGET_NAME)";
				TARGETED_DEVICE_FAMILY = "1,2";
				TEST_HOST = "$(BUILT_PRODUCTS_DIR)/TargetActionDemo.app/TargetActionDemo";
			};
			name = Debug;
		};
		4B9FF8B322C73A0700905548 /* Release */ = {
			isa = XCBuildConfiguration;
			baseConfigurationReference = B85DBDA55A52E57FABE21B5B /* Pods-TargetActionDemoTests.release.xcconfig */;
			buildSettings = {
				BUNDLE_LOADER = "$(TEST_HOST)";
				CODE_SIGN_STYLE = Automatic;
				GCC_PRECOMPILE_PREFIX_HEADER = YES;
				GCC_PREFIX_HEADER = TargetActionDemo/targetActionPreHeader.pch;
				INFOPLIST_FILE = TargetActionDemoTests/Info.plist;
				LD_RUNPATH_SEARCH_PATHS = (
					"$(inherited)",
					"@executable_path/Frameworks",
					"@loader_path/Frameworks",
				);
				PRODUCT_BUNDLE_IDENTIFIER = com.starxin.TargetActionDemoTests;
				PRODUCT_NAME = "$(TARGET_NAME)";
				TARGETED_DEVICE_FAMILY = "1,2";
				TEST_HOST = "$(BUILT_PRODUCTS_DIR)/TargetActionDemo.app/TargetActionDemo";
			};
			name = Release;
		};
		4B9FF8B522C73A0700905548 /* Debug */ = {
			isa = XCBuildConfiguration;
			buildSettings = {
				CODE_SIGN_STYLE = Automatic;
				INFOPLIST_FILE = TargetActionDemoUITests/Info.plist;
				LD_RUNPATH_SEARCH_PATHS = (
					"$(inherited)",
					"@executable_path/Frameworks",
					"@loader_path/Frameworks",
				);
				PRODUCT_BUNDLE_IDENTIFIER = com.starxin.TargetActionDemoUITests;
				PRODUCT_NAME = "$(TARGET_NAME)";
				TARGETED_DEVICE_FAMILY = "1,2";
				TEST_TARGET_NAME = TargetActionDemo;
			};
			name = Debug;
		};
		4B9FF8B622C73A0700905548 /* Release */ = {
			isa = XCBuildConfiguration;
			buildSettings = {
				CODE_SIGN_STYLE = Automatic;
				INFOPLIST_FILE = TargetActionDemoUITests/Info.plist;
				LD_RUNPATH_SEARCH_PATHS = (
					"$(inherited)",
					"@executable_path/Frameworks",
					"@loader_path/Frameworks",
				);
				PRODUCT_BUNDLE_IDENTIFIER = com.starxin.TargetActionDemoUITests;
				PRODUCT_NAME = "$(TARGET_NAME)";
				TARGETED_DEVICE_FAMILY = "1,2";
				TEST_TARGET_NAME = TargetActionDemo;
			};
			name = Release;
		};
/* End XCBuildConfiguration section */

/* Begin XCConfigurationList section */
		4B2100C8246AC04500596B99 /* Build configuration list for PBXNativeTarget "TargetActionDemo1Tests" */ = {
			isa = XCConfigurationList;
			buildConfigurations = (
				4B2100C6246AC04500596B99 /* Debug */,
				4B2100C7246AC04500596B99 /* Release */,
			);
			defaultConfigurationIsVisible = 0;
			defaultConfigurationName = Release;
		};
		4B9FF87D22C73A0500905548 /* Build configuration list for PBXProject "TargetActionDemo" */ = {
			isa = XCConfigurationList;
			buildConfigurations = (
				4B9FF8AC22C73A0700905548 /* Debug */,
				4B9FF8AD22C73A0700905548 /* Release */,
			);
			defaultConfigurationIsVisible = 0;
			defaultConfigurationName = Release;
		};
		4B9FF8AE22C73A0700905548 /* Build configuration list for PBXNativeTarget "TargetActionDemo" */ = {
			isa = XCConfigurationList;
			buildConfigurations = (
				4B9FF8AF22C73A0700905548 /* Debug */,
				4B9FF8B022C73A0700905548 /* Release */,
			);
			defaultConfigurationIsVisible = 0;
			defaultConfigurationName = Release;
		};
		4B9FF8B122C73A0700905548 /* Build configuration list for PBXNativeTarget "TargetActionDemoTests" */ = {
			isa = XCConfigurationList;
			buildConfigurations = (
				4B9FF8B222C73A0700905548 /* Debug */,
				4B9FF8B322C73A0700905548 /* Release */,
			);
			defaultConfigurationIsVisible = 0;
			defaultConfigurationName = Release;
		};
		4B9FF8B422C73A0700905548 /* Build configuration list for PBXNativeTarget "TargetActionDemoUITests" */ = {
			isa = XCConfigurationList;
			buildConfigurations = (
				4B9FF8B522C73A0700905548 /* Debug */,
				4B9FF8B622C73A0700905548 /* Release */,
			);
			defaultConfigurationIsVisible = 0;
			defaultConfigurationName = Release;
		};
/* End XCConfigurationList section */
	};
	rootObject = 4B9FF87A22C73A0500905548 /* Project object */;
}
